
Microsoft Visual Studio Solution File, Format Version 12.00
# Visual Studio Version 17
VisualStudioVersion = 17.5.33530.505
MinimumVisualStudioVersion = 10.0.40219.1
Project("{9A19103F-16F7-4668-BE54-9A1E7A4F7556}") = "XSD_Mapper", "XSD_Mapper.csproj", "{8E657A7A-3125-421B-92D4-4DF8D158B97D}"
EndProject
Project("{2150E333-8FDC-42A3-9474-1A3956D46DE8}") = "Solution Items", "Solution Items", "{302AD40A-11C6-4092-B65B-22B29F56122C}"
	ProjectSection(SolutionItems) = preProject
		.editorconfig = .editorconfig
	EndProjectSection
EndProject
Global
	GlobalSection(SolutionConfigurationPlatforms) = preSolution
		Debug|Any CPU = Debug|Any CPU
		Release|Any CPU = Release|Any CPU
	EndGlobalSection
	GlobalSection(ProjectConfigurationPlatforms) = postSolution
		{8E657A7A-3125-421B-92D4-4DF8D158B97D}.Debug|Any CPU.ActiveCfg = Debug|Any CPU
		{8E657A7A-3125-421B-92D4-4DF8D158B97D}.Debug|Any CPU.Build.0 = Debug|Any CPU
		{8E657A7A-3125-421B-92D4-4DF8D158B97D}.Release|Any CPU.ActiveCfg = Release|Any CPU
		{8E657A7A-3125-421B-92D4-4DF8D158B97D}.Release|Any CPU.Build.0 = Release|Any CPU
	EndGlobalSection
	GlobalSection(SolutionProperties) = preSolution
		HideSolutionNode = FALSE
	EndGlobalSection
	GlobalSection(ExtensibilityGlobals) = postSolution
		SolutionGuid = {592936B8-11BD-4E04-9AF6-5C525336B764}
	EndGlobalSection
EndGlobal
